
Microsoft Visual Studio Solution File, Format Version 12.00
# Visual Studio Version 17
VisualStudioVersion = 17.8.34330.188
MinimumVisualStudioVersion = 10.0.40219.1
Project("{FAE04EC0-301F-11D3-BF4B-00C04F79EFBC}") = "m12NgDemoApp.Server", "m12NgDemoApp.Server\m12NgDemoApp.Server.csproj", "{8CA1B5D3-C890-4EFF-B170-43D0D9461A12}"
EndProject
Project("{54A90642-561A-4BB1-A94E-469ADEE60C69}") = "m12ngdemoapp.client", "m12ngdemoapp.client\m12ngdemoapp.client.esproj", "{401CB5B1-4591-47EF-BAA2-30715358C65E}"
EndProject
Global
	GlobalSection(SolutionConfigurationPlatforms) = preSolution
		Debug|Any CPU = Debug|Any CPU
		Release|Any CPU = Release|Any CPU
	EndGlobalSection
	GlobalSection(ProjectConfigurationPlatforms) = postSolution
		{8CA1B5D3-C890-4EFF-B170-43D0D9461A12}.Debug|Any CPU.ActiveCfg = Debug|Any CPU
		{8CA1B5D3-C890-4EFF-B170-43D0D9461A12}.Debug|Any CPU.Build.0 = Debug|Any CPU
		{8CA1B5D3-C890-4EFF-B170-43D0D9461A12}.Release|Any CPU.ActiveCfg = Release|Any CPU
		{8CA1B5D3-C890-4EFF-B170-43D0D9461A12}.Release|Any CPU.Build.0 = Release|Any CPU
		{401CB5B1-4591-47EF-BAA2-30715358C65E}.Debug|Any CPU.ActiveCfg = Debug|Any CPU
		{401CB5B1-4591-47EF-BAA2-30715358C65E}.Debug|Any CPU.Build.0 = Debug|Any CPU
		{401CB5B1-4591-47EF-BAA2-30715358C65E}.Debug|Any CPU.Deploy.0 = Debug|Any CPU
		{401CB5B1-4591-47EF-BAA2-30715358C65E}.Release|Any CPU.ActiveCfg = Release|Any CPU
		{401CB5B1-4591-47EF-BAA2-30715358C65E}.Release|Any CPU.Build.0 = Release|Any CPU
		{401CB5B1-4591-47EF-BAA2-30715358C65E}.Release|Any CPU.Deploy.0 = Release|Any CPU
	EndGlobalSection
	GlobalSection(SolutionProperties) = preSolution
		HideSolutionNode = FALSE
	EndGlobalSection
	GlobalSection(ExtensibilityGlobals) = postSolution
		SolutionGuid = {F9D6FC79-A9A6-41EC-85AE-9C425A56F77C}
	EndGlobalSection
EndGlobal
